{
  "originHash" : "d32609dfaf6c0e84a659c53e6afc72f738d09afb2979736c58d8a8b50b085866",
  "pins" : [
    {
      "identity" : "runner",
      "kind" : "remoteSourceControl",
      "location" : "https://github.com/elegantchaos/Runner.git",
      "state" : {
        "revision" : "64dfc3adcc9023b48ebc8d03f0c08df5cf384e7c",
        "version" : "2.0.4"
      }
    },
    {
      "identity" : "versionator",
      "kind" : "remoteSourceControl",
      "location" : "https://github.com/elegantchaos/Versionator.git",
      "state" : {
        "branch" : "main",
        "revision" : "c9d23eff61880741a13919cf2fa9ccd21025153a"
      }
    }
  ],
  "version" : 3
}
