{
  "originHash" : "19f3760021a4eef6ecb76fd6e0dddd46a1bfe925528ab0cc5ecc337051f4c8bb",
  "pins" : [
    {
      "identity" : "runner",
      "kind" : "remoteSourceControl",
      "location" : "https://github.com/elegantchaos/Runner.git",
      "state" : {
        "revision" : "64dfc3adcc9023b48ebc8d03f0c08df5cf384e7c",
        "version" : "2.0.4"
      }
    },
    {
      "identity" : "versionator",
      "kind" : "remoteSourceControl",
      "location" : "https://github.com/elegantchaos/Versionator.git",
      "state" : {
        "revision" : "6d1cdddce7990f660c4f3b96c5a24be8dcce9007",
        "version" : "2.0.2"
      }
    }
  ],
  "version" : 3
}
